// !$*UTF8*$!
{
	archiveVersion = 1;
	classes = {
	};
	objectVersion = 56;
	objects = {

/* Begin PBXBuildFile section */
		3C233A8D2A838C2100039F1B /* AppDelegate.swift in Sources */ = {isa = PBXBuildFile; fileRef = 3C233A8C2A838C2100039F1B /* AppDelegate.swift */; };
		3C233A8F2A838C2100039F1B /* SceneDelegate.swift in Sources */ = {isa = PBXBuildFile; fileRef = 3C233A8E2A838C2100039F1B /* SceneDelegate.swift */; };
		3C233A912A838C2100039F1B /* ViewController.swift in Sources */ = {isa = PBXBuildFile; fileRef = 3C233A902A838C2100039F1B /* ViewController.swift */; };
		3C233A942A838C2100039F1B /* Main.storyboard in Resources */ = {isa = PBXBuildFile; fileRef = 3C233A922A838C2100039F1B /* Main.storyboard */; };
		3C233A962A838C2300039F1B /* Assets.xcassets in Resources */ = {isa = PBXBuildFile; fileRef = 3C233A952A838C2300039F1B /* Assets.xcassets */; };
		3C233A992A838C2300039F1B /* LaunchScreen.storyboard in Resources */ = {isa = PBXBuildFile; fileRef = 3C233A972A838C2300039F1B /* LaunchScreen.storyboard */; };
		3C233AA22A838C6300039F1B /* DatadogCore in Frameworks */ = {isa = PBXBuildFile; productRef = 3C233AA12A838C6300039F1B /* DatadogCore */; };
		3C233AA42A838C6300039F1B /* DatadogCrashReporting in Frameworks */ = {isa = PBXBuildFile; productRef = 3C233AA32A838C6300039F1B /* DatadogCrashReporting */; };
		3C233AA62A838C6300039F1B /* DatadogLogs in Frameworks */ = {isa = PBXBuildFile; productRef = 3C233AA52A838C6300039F1B /* DatadogLogs */; };
		3C233AA82A838C6300039F1B /* DatadogObjc in Frameworks */ = {isa = PBXBuildFile; productRef = 3C233AA72A838C6300039F1B /* DatadogObjc */; };
		3C233AAA2A838C6300039F1B /* DatadogRUM in Frameworks */ = {isa = PBXBuildFile; productRef = 3C233AA92A838C6300039F1B /* DatadogRUM */; };
		3C233AAC2A838C6300039F1B /* DatadogSessionReplay in Frameworks */ = {isa = PBXBuildFile; productRef = 3C233AAB2A838C6300039F1B /* DatadogSessionReplay */; };
		3C233AAE2A838C6300039F1B /* DatadogTrace in Frameworks */ = {isa = PBXBuildFile; productRef = 3C233AAD2A838C6300039F1B /* DatadogTrace */; };
		3C233AB02A838C6300039F1B /* DatadogWebViewTracking in Frameworks */ = {isa = PBXBuildFile; productRef = 3C233AAF2A838C6300039F1B /* DatadogWebViewTracking */; };
/* End PBXBuildFile section */

/* Begin PBXFileReference section */
		3C233A892A838C2100039F1B /* CrashReportingTest.app */ = {isa = PBXFileReference; explicitFileType = wrapper.application; includeInIndex = 0; path = CrashReportingTest.app; sourceTree = BUILT_PRODUCTS_DIR; };
		3C233A8C2A838C2100039F1B /* AppDelegate.swift */ = {isa = PBXFileReference; lastKnownFileType = sourcecode.swift; path = AppDelegate.swift; sourceTree = "<group>"; };
		3C233A8E2A838C2100039F1B /* SceneDelegate.swift */ = {isa = PBXFileReference; lastKnownFileType = sourcecode.swift; path = SceneDelegate.swift; sourceTree = "<group>"; };
		3C233A902A838C2100039F1B /* ViewController.swift */ = {isa = PBXFileReference; lastKnownFileType = sourcecode.swift; path = ViewController.swift; sourceTree = "<group>"; };
		3C233A932A838C2100039F1B /* Base */ = {isa = PBXFileReference; lastKnownFileType = file.storyboard; name = Base; path = Base.lproj/Main.storyboard; sourceTree = "<group>"; };
		3C233A952A838C2300039F1B /* Assets.xcassets */ = {isa = PBXFileReference; lastKnownFileType = folder.assetcatalog; path = Assets.xcassets; sourceTree = "<group>"; };
		3C233A982A838C2300039F1B /* Base */ = {isa = PBXFileReference; lastKnownFileType = file.storyboard; name = Base; path = Base.lproj/LaunchScreen.storyboard; sourceTree = "<group>"; };
		3C233A9A2A838C2300039F1B /* Info.plist */ = {isa = PBXFileReference; lastKnownFileType = text.plist.xml; path = Info.plist; sourceTree = "<group>"; };
/* End PBXFileReference section */

/* Begin PBXFrameworksBuildPhase section */
		3C233A862A838C2100039F1B /* Frameworks */ = {
			isa = PBXFrameworksBuildPhase;
			buildActionMask = 2147483647;
			files = (
				3C233AA42A838C6300039F1B /* DatadogCrashReporting in Frameworks */,
				3C233AAC2A838C6300039F1B /* DatadogSessionReplay in Frameworks */,
				3C233AAA2A838C6300039F1B /* DatadogRUM in Frameworks */,
				3C233AA82A838C6300039F1B /* DatadogObjc in Frameworks */,
				3C233AA62A838C6300039F1B /* DatadogLogs in Frameworks */,
				3C233AA22A838C6300039F1B /* DatadogCore in Frameworks */,
				3C233AB02A838C6300039F1B /* DatadogWebViewTracking in Frameworks */,
				3C233AAE2A838C6300039F1B /* DatadogTrace in Frameworks */,
			);
			runOnlyForDeploymentPostprocessing = 0;
		};
/* End PBXFrameworksBuildPhase section */

/* Begin PBXGroup section */
		3C233A802A838C2100039F1B = {
			isa = PBXGroup;
			children = (
				3C233A8B2A838C2100039F1B /* CrashReportingTest */,
				3C233A8A2A838C2100039F1B /* Products */,
			);
			sourceTree = "<group>";
		};
		3C233A8A2A838C2100039F1B /* Products */ = {
			isa = PBXGroup;
			children = (
				3C233A892A838C2100039F1B /* CrashReportingTest.app */,
			);
			name = Products;
			sourceTree = "<group>";
		};
		3C233A8B2A838C2100039F1B /* CrashReportingTest */ = {
			isa = PBXGroup;
			children = (
				3C233A8C2A838C2100039F1B /* AppDelegate.swift */,
				3C233A8E2A838C2100039F1B /* SceneDelegate.swift */,
				3C233A902A838C2100039F1B /* ViewController.swift */,
				3C233A922A838C2100039F1B /* Main.storyboard */,
				3C233A952A838C2300039F1B /* Assets.xcassets */,
				3C233A972A838C2300039F1B /* LaunchScreen.storyboard */,
				3C233A9A2A838C2300039F1B /* Info.plist */,
			);
			path = CrashReportingTest;
			sourceTree = "<group>";
		};
/* End PBXGroup section */

/* Begin PBXNativeTarget section */
		3C233A882A838C2100039F1B /* CrashReportingTest */ = {
			isa = PBXNativeTarget;
			buildConfigurationList = 3C233A9D2A838C2300039F1B /* Build configuration list for PBXNativeTarget "CrashReportingTest" */;
			buildPhases = (
				3C233A852A838C2100039F1B /* Sources */,
				3C233A862A838C2100039F1B /* Frameworks */,
				3C233A872A838C2100039F1B /* Resources */,
			);
			buildRules = (
			);
			dependencies = (
			);
			name = CrashReportingTest;
			packageProductDependencies = (
				3C233AA12A838C6300039F1B /* DatadogCore */,
				3C233AA32A838C6300039F1B /* DatadogCrashReporting */,
				3C233AA52A838C6300039F1B /* DatadogLogs */,
				3C233AA72A838C6300039F1B /* DatadogObjc */,
				3C233AA92A838C6300039F1B /* DatadogRUM */,
				3C233AAB2A838C6300039F1B /* DatadogSessionReplay */,
				3C233AAD2A838C6300039F1B /* DatadogTrace */,
				3C233AAF2A838C6300039F1B /* DatadogWebViewTracking */,
			);
			productName = CrashReportingTest;
			productReference = 3C233A892A838C2100039F1B /* CrashReportingTest.app */;
			productType = "com.apple.product-type.application";
		};
/* End PBXNativeTarget section */

/* Begin PBXProject section */
		3C233A812A838C2100039F1B /* Project object */ = {
			isa = PBXProject;
			attributes = {
				BuildIndependentTargetsInParallel = 1;
				LastSwiftUpdateCheck = 1500;
				LastUpgradeCheck = 1500;
				TargetAttributes = {
					3C233A882A838C2100039F1B = {
						CreatedOnToolsVersion = 15.0;
					};
				};
			};
			buildConfigurationList = 3C233A842A838C2100039F1B /* Build configuration list for PBXProject "CrashReportingTest" */;
			compatibilityVersion = "Xcode 14.0";
			developmentRegion = en;
			hasScannedForEncodings = 0;
			knownRegions = (
				en,
				Base,
			);
			mainGroup = 3C233A802A838C2100039F1B;
			packageReferences = (
				3C233AA02A838C6300039F1B /* XCRemoteSwiftPackageReference "dd-sdk-ios" */,
			);
			productRefGroup = 3C233A8A2A838C2100039F1B /* Products */;
			projectDirPath = "";
			projectRoot = "";
			targets = (
				3C233A882A838C2100039F1B /* CrashReportingTest */,
			);
		};
/* End PBXProject section */

/* Begin PBXResourcesBuildPhase section */
		3C233A872A838C2100039F1B /* Resources */ = {
			isa = PBXResourcesBuildPhase;
			buildActionMask = 2147483647;
			files = (
				3C233A992A838C2300039F1B /* LaunchScreen.storyboard in Resources */,
				3C233A962A838C2300039F1B /* Assets.xcassets in Resources */,
				3C233A942A838C2100039F1B /* Main.storyboard in Resources */,
			);
			runOnlyForDeploymentPostprocessing = 0;
		};
/* End PBXResourcesBuildPhase section */

/* Begin PBXSourcesBuildPhase section */
		3C233A852A838C2100039F1B /* Sources */ = {
			isa = PBXSourcesBuildPhase;
			buildActionMask = 2147483647;
			files = (
				3C233A912A838C2100039F1B /* ViewController.swift in Sources */,
				3C233A8D2A838C2100039F1B /* AppDelegate.swift in Sources */,
				3C233A8F2A838C2100039F1B /* SceneDelegate.swift in Sources */,
			);
			runOnlyForDeploymentPostprocessing = 0;
		};
/* End PBXSourcesBuildPhase section */

/* Begin PBXVariantGroup section */
		3C233A922A838C2100039F1B /* Main.storyboard */ = {
			isa = PBXVariantGroup;
			children = (
				3C233A932A838C2100039F1B /* Base */,
			);
			name = Main.storyboard;
			sourceTree = "<group>";
		};
		3C233A972A838C2300039F1B /* LaunchScreen.storyboard */ = {
			isa = PBXVariantGroup;
			children = (
				3C233A982A838C2300039F1B /* Base */,
			);
			name = LaunchScreen.storyboard;
			sourceTree = "<group>";
		};
/* End PBXVariantGroup section */

/* Begin XCBuildConfiguration section */
		3C233A9B2A838C2300039F1B /* Debug */ = {
			isa = XCBuildConfiguration;
			buildSettings = {
				ALWAYS_SEARCH_USER_PATHS = NO;
				ASSETCATALOG_COMPILER_GENERATE_SWIFT_ASSET_SYMBOL_EXTENSIONS = YES;
				CLANG_ANALYZER_NONNULL = YES;
				CLANG_ANALYZER_NUMBER_OBJECT_CONVERSION = YES_AGGRESSIVE;
				CLANG_CXX_LANGUAGE_STANDARD = "gnu++20";
				CLANG_ENABLE_MODULES = YES;
				CLANG_ENABLE_OBJC_ARC = YES;
				CLANG_ENABLE_OBJC_WEAK = YES;
				CLANG_WARN_BLOCK_CAPTURE_AUTORELEASING = YES;
				CLANG_WARN_BOOL_CONVERSION = YES;
				CLANG_WARN_COMMA = YES;
				CLANG_WARN_CONSTANT_CONVERSION = YES;
				CLANG_WARN_DEPRECATED_OBJC_IMPLEMENTATIONS = YES;
				CLANG_WARN_DIRECT_OBJC_ISA_USAGE = YES_ERROR;
				CLANG_WARN_DOCUMENTATION_COMMENTS = YES;
				CLANG_WARN_EMPTY_BODY = YES;
				CLANG_WARN_ENUM_CONVERSION = YES;
				CLANG_WARN_INFINITE_RECURSION = YES;
				CLANG_WARN_INT_CONVERSION = YES;
				CLANG_WARN_NON_LITERAL_NULL_CONVERSION = YES;
				CLANG_WARN_OBJC_IMPLICIT_RETAIN_SELF = YES;
				CLANG_WARN_OBJC_LITERAL_CONVERSION = YES;
				CLANG_WARN_OBJC_ROOT_CLASS = YES_ERROR;
				CLANG_WARN_QUOTED_INCLUDE_IN_FRAMEWORK_HEADER = YES;
				CLANG_WARN_RANGE_LOOP_ANALYSIS = YES;
				CLANG_WARN_STRICT_PROTOTYPES = YES;
				CLANG_WARN_SUSPICIOUS_MOVE = YES;
				CLANG_WARN_UNGUARDED_AVAILABILITY = YES_AGGRESSIVE;
				CLANG_WARN_UNREACHABLE_CODE = YES;
				CLANG_WARN__DUPLICATE_METHOD_MATCH = YES;
				COPY_PHASE_STRIP = NO;
				DEBUG_INFORMATION_FORMAT = dwarf;
				ENABLE_STRICT_OBJC_MSGSEND = YES;
				ENABLE_TESTABILITY = YES;
				ENABLE_USER_SCRIPT_SANDBOXING = YES;
				GCC_C_LANGUAGE_STANDARD = gnu17;
				GCC_DYNAMIC_NO_PIC = NO;
				GCC_NO_COMMON_BLOCKS = YES;
				GCC_OPTIMIZATION_LEVEL = 0;
				GCC_PREPROCESSOR_DEFINITIONS = (
					"DEBUG=1",
					"$(inherited)",
				);
				GCC_WARN_64_TO_32_BIT_CONVERSION = YES;
				GCC_WARN_ABOUT_RETURN_TYPE = YES_ERROR;
				GCC_WARN_UNDECLARED_SELECTOR = YES;
				GCC_WARN_UNINITIALIZED_AUTOS = YES_AGGRESSIVE;
				GCC_WARN_UNUSED_FUNCTION = YES;
				GCC_WARN_UNUSED_VARIABLE = YES;
				IPHONEOS_DEPLOYMENT_TARGET = 17.0;
				LOCALIZATION_PREFERS_STRING_CATALOGS = YES;
				MTL_ENABLE_DEBUG_INFO = INCLUDE_SOURCE;
				MTL_FAST_MATH = YES;
				ONLY_ACTIVE_ARCH = YES;
				SDKROOT = iphoneos;
				SWIFT_ACTIVE_COMPILATION_CONDITIONS = "DEBUG $(inherited)";
				SWIFT_OPTIMIZATION_LEVEL = "-Onone";
			};
			name = Debug;
		};
		3C233A9C2A838C2300039F1B /* Release */ = {
			isa = XCBuildConfiguration;
			buildSettings = {
				ALWAYS_SEARCH_USER_PATHS = NO;
				ASSETCATALOG_COMPILER_GENERATE_SWIFT_ASSET_SYMBOL_EXTENSIONS = YES;
				CLANG_ANALYZER_NONNULL = YES;
				CLANG_ANALYZER_NUMBER_OBJECT_CONVERSION = YES_AGGRESSIVE;
				CLANG_CXX_LANGUAGE_STANDARD = "gnu++20";
				CLANG_ENABLE_MODULES = YES;
				CLANG_ENABLE_OBJC_ARC = YES;
				CLANG_ENABLE_OBJC_WEAK = YES;
				CLANG_WARN_BLOCK_CAPTURE_AUTORELEASING = YES;
				CLANG_WARN_BOOL_CONVERSION = YES;
				CLANG_WARN_COMMA = YES;
				CLANG_WARN_CONSTANT_CONVERSION = YES;
				CLANG_WARN_DEPRECATED_OBJC_IMPLEMENTATIONS = YES;
				CLANG_WARN_DIRECT_OBJC_ISA_USAGE = YES_ERROR;
				CLANG_WARN_DOCUMENTATION_COMMENTS = YES;
				CLANG_WARN_EMPTY_BODY = YES;
				CLANG_WARN_ENUM_CONVERSION = YES;
				CLANG_WARN_INFINITE_RECURSION = YES;
				CLANG_WARN_INT_CONVERSION = YES;
				CLANG_WARN_NON_LITERAL_NULL_CONVERSION = YES;
				CLANG_WARN_OBJC_IMPLICIT_RETAIN_SELF = YES;
				CLANG_WARN_OBJC_LITERAL_CONVERSION = YES;
				CLANG_WARN_OBJC_ROOT_CLASS = YES_ERROR;
				CLANG_WARN_QUOTED_INCLUDE_IN_FRAMEWORK_HEADER = YES;
				CLANG_WARN_RANGE_LOOP_ANALYSIS = YES;
				CLANG_WARN_STRICT_PROTOTYPES = YES;
				CLANG_WARN_SUSPICIOUS_MOVE = YES;
				CLANG_WARN_UNGUARDED_AVAILABILITY = YES_AGGRESSIVE;
				CLANG_WARN_UNREACHABLE_CODE = YES;
				CLANG_WARN__DUPLICATE_METHOD_MATCH = YES;
				COPY_PHASE_STRIP = NO;
				DEBUG_INFORMATION_FORMAT = "dwarf-with-dsym";
				ENABLE_NS_ASSERTIONS = NO;
				ENABLE_STRICT_OBJC_MSGSEND = YES;
				ENABLE_USER_SCRIPT_SANDBOXING = YES;
				GCC_C_LANGUAGE_STANDARD = gnu17;
				GCC_NO_COMMON_BLOCKS = YES;
				GCC_WARN_64_TO_32_BIT_CONVERSION = YES;
				GCC_WARN_ABOUT_RETURN_TYPE = YES_ERROR;
				GCC_WARN_UNDECLARED_SELECTOR = YES;
				GCC_WARN_UNINITIALIZED_AUTOS = YES_AGGRESSIVE;
				GCC_WARN_UNUSED_FUNCTION = YES;
				GCC_WARN_UNUSED_VARIABLE = YES;
				IPHONEOS_DEPLOYMENT_TARGET = 17.0;
				LOCALIZATION_PREFERS_STRING_CATALOGS = YES;
				MTL_ENABLE_DEBUG_INFO = NO;
				MTL_FAST_MATH = YES;
				SDKROOT = iphoneos;
				SWIFT_COMPILATION_MODE = wholemodule;
				VALIDATE_PRODUCT = YES;
			};
			name = Release;
		};
		3C233A9E2A838C2300039F1B /* Debug */ = {
			isa = XCBuildConfiguration;
			buildSettings = {
				ASSETCATALOG_COMPILER_APPICON_NAME = AppIcon;
				ASSETCATALOG_COMPILER_GLOBAL_ACCENT_COLOR_NAME = AccentColor;
				CODE_SIGN_STYLE = Automatic;
				CURRENT_PROJECT_VERSION = 1;
				DEVELOPMENT_TEAM = 232K44FAQ7;
				GENERATE_INFOPLIST_FILE = YES;
				INFOPLIST_FILE = CrashReportingTest/Info.plist;
				INFOPLIST_KEY_UIApplicationSupportsIndirectInputEvents = YES;
				INFOPLIST_KEY_UILaunchStoryboardName = LaunchScreen;
				INFOPLIST_KEY_UIMainStoryboardFile = Main;
				INFOPLIST_KEY_UISupportedInterfaceOrientations_iPad = "UIInterfaceOrientationPortrait UIInterfaceOrientationPortraitUpsideDown UIInterfaceOrientationLandscapeLeft UIInterfaceOrientationLandscapeRight";
				INFOPLIST_KEY_UISupportedInterfaceOrientations_iPhone = "UIInterfaceOrientationPortrait UIInterfaceOrientationLandscapeLeft UIInterfaceOrientationLandscapeRight";
				LD_RUNPATH_SEARCH_PATHS = (
					"$(inherited)",
					"@executable_path/Frameworks",
				);
				MARKETING_VERSION = 1.0;
				PRODUCT_BUNDLE_IDENTIFIER = com.datadoghq.CrashReportingTest;
				PRODUCT_NAME = "$(TARGET_NAME)";
				SWIFT_EMIT_LOC_STRINGS = YES;
				SWIFT_VERSION = 5.0;
				TARGETED_DEVICE_FAMILY = "1,2";
			};
			name = Debug;
		};
		3C233A9F2A838C2300039F1B /* Release */ = {
			isa = XCBuildConfiguration;
			buildSettings = {
				ASSETCATALOG_COMPILER_APPICON_NAME = AppIcon;
				ASSETCATALOG_COMPILER_GLOBAL_ACCENT_COLOR_NAME = AccentColor;
				CODE_SIGN_STYLE = Automatic;
				CURRENT_PROJECT_VERSION = 1;
				DEVELOPMENT_TEAM = 232K44FAQ7;
				GENERATE_INFOPLIST_FILE = YES;
				INFOPLIST_FILE = CrashReportingTest/Info.plist;
				INFOPLIST_KEY_UIApplicationSupportsIndirectInputEvents = YES;
				INFOPLIST_KEY_UILaunchStoryboardName = LaunchScreen;
				INFOPLIST_KEY_UIMainStoryboardFile = Main;
				INFOPLIST_KEY_UISupportedInterfaceOrientations_iPad = "UIInterfaceOrientationPortrait UIInterfaceOrientationPortraitUpsideDown UIInterfaceOrientationLandscapeLeft UIInterfaceOrientationLandscapeRight";
				INFOPLIST_KEY_UISupportedInterfaceOrientations_iPhone = "UIInterfaceOrientationPortrait UIInterfaceOrientationLandscapeLeft UIInterfaceOrientationLandscapeRight";
				LD_RUNPATH_SEARCH_PATHS = (
					"$(inherited)",
					"@executable_path/Frameworks",
				);
				MARKETING_VERSION = 1.0;
				PRODUCT_BUNDLE_IDENTIFIER = com.datadoghq.CrashReportingTest;
				PRODUCT_NAME = "$(TARGET_NAME)";
				SWIFT_EMIT_LOC_STRINGS = YES;
				SWIFT_VERSION = 5.0;
				TARGETED_DEVICE_FAMILY = "1,2";
			};
			name = Release;
		};
/* End XCBuildConfiguration section */

/* Begin XCConfigurationList section */
		3C233A842A838C2100039F1B /* Build configuration list for PBXProject "CrashReportingTest" */ = {
			isa = XCConfigurationList;
			buildConfigurations = (
				3C233A9B2A838C2300039F1B /* Debug */,
				3C233A9C2A838C2300039F1B /* Release */,
			);
			defaultConfigurationIsVisible = 0;
			defaultConfigurationName = Release;
		};
		3C233A9D2A838C2300039F1B /* Build configuration list for PBXNativeTarget "CrashReportingTest" */ = {
			isa = XCConfigurationList;
			buildConfigurations = (
				3C233A9E2A838C2300039F1B /* Debug */,
				3C233A9F2A838C2300039F1B /* Release */,
			);
			defaultConfigurationIsVisible = 0;
			defaultConfigurationName = Release;
		};
/* End XCConfigurationList section */

/* Begin XCRemoteSwiftPackageReference section */
		3C233AA02A838C6300039F1B /* XCRemoteSwiftPackageReference "dd-sdk-ios" */ = {
			isa = XCRemoteSwiftPackageReference;
			repositoryURL = "https://github.com/Datadog/dd-sdk-ios.git";
			requirement = {
				kind = upToNextMajorVersion;
				minimumVersion = 2.0.0;
			};
		};
/* End XCRemoteSwiftPackageReference section */

/* Begin XCSwiftPackageProductDependency section */
		3C233AA12A838C6300039F1B /* DatadogCore */ = {
			isa = XCSwiftPackageProductDependency;
			package = 3C233AA02A838C6300039F1B /* XCRemoteSwiftPackageReference "dd-sdk-ios" */;
			productName = DatadogCore;
		};
		3C233AA32A838C6300039F1B /* DatadogCrashReporting */ = {
			isa = XCSwiftPackageProductDependency;
			package = 3C233AA02A838C6300039F1B /* XCRemoteSwiftPackageReference "dd-sdk-ios" */;
			productName = DatadogCrashReporting;
		};
		3C233AA52A838C6300039F1B /* DatadogLogs */ = {
			isa = XCSwiftPackageProductDependency;
			package = 3C233AA02A838C6300039F1B /* XCRemoteSwiftPackageReference "dd-sdk-ios" */;
			productName = DatadogLogs;
		};
		3C233AA72A838C6300039F1B /* DatadogObjc */ = {
			isa = XCSwiftPackageProductDependency;
			package = 3C233AA02A838C6300039F1B /* XCRemoteSwiftPackageReference "dd-sdk-ios" */;
			productName = DatadogObjc;
		};
		3C233AA92A838C6300039F1B /* DatadogRUM */ = {
			isa = XCSwiftPackageProductDependency;
			package = 3C233AA02A838C6300039F1B /* XCRemoteSwiftPackageReference "dd-sdk-ios" */;
			productName = DatadogRUM;
		};
		3C233AAB2A838C6300039F1B /* DatadogSessionReplay */ = {
			isa = XCSwiftPackageProductDependency;
			package = 3C233AA02A838C6300039F1B /* XCRemoteSwiftPackageReference "dd-sdk-ios" */;
			productName = DatadogSessionReplay;
		};
		3C233AAD2A838C6300039F1B /* DatadogTrace */ = {
			isa = XCSwiftPackageProductDependency;
			package = 3C233AA02A838C6300039F1B /* XCRemoteSwiftPackageReference "dd-sdk-ios" */;
			productName = DatadogTrace;
		};
		3C233AAF2A838C6300039F1B /* DatadogWebViewTracking */ = {
			isa = XCSwiftPackageProductDependency;
			package = 3C233AA02A838C6300039F1B /* XCRemoteSwiftPackageReference "dd-sdk-ios" */;
			productName = DatadogWebViewTracking;
		};
/* End XCSwiftPackageProductDependency section */
	};
	rootObject = 3C233A812A838C2100039F1B /* Project object */;
}
